
Microsoft Visual Studio Solution File, Format Version 12.00
# Visual Studio Version 17
VisualStudioVersion = 17.6.33829.357
MinimumVisualStudioVersion = 10.0.40219.1
Project("{8BC9CEB8-8B4A-11D0-8D11-00A0C91BC942}") = "Process Doppelganging", "Process Doppelganging\Process Doppelganging.vcxproj", "{4D8FAF9B-8858-4558-A2D8-0928ACCA02EE}"
EndProject
Global
	GlobalSection(SolutionConfigurationPlatforms) = preSolution
		Debug|x64 = Debug|x64
		Debug|x86 = Debug|x86
		Release|x64 = Release|x64
		Release|x86 = Release|x86
	EndGlobalSection
	GlobalSection(ProjectConfigurationPlatforms) = postSolution
		{4D8FAF9B-8858-4558-A2D8-0928ACCA02EE}.Debug|x64.ActiveCfg = Debug|x64
		{4D8FAF9B-8858-4558-A2D8-0928ACCA02EE}.Debug|x64.Build.0 = Debug|x64
		{4D8FAF9B-8858-4558-A2D8-0928ACCA02EE}.Debug|x86.ActiveCfg = Debug|Win32
		{4D8FAF9B-8858-4558-A2D8-0928ACCA02EE}.Debug|x86.Build.0 = Debug|Win32
		{4D8FAF9B-8858-4558-A2D8-0928ACCA02EE}.Release|x64.ActiveCfg = Release|x64
		{4D8FAF9B-8858-4558-A2D8-0928ACCA02EE}.Release|x64.Build.0 = Release|x64
		{4D8FAF9B-8858-4558-A2D8-0928ACCA02EE}.Release|x86.ActiveCfg = Release|Win32
		{4D8FAF9B-8858-4558-A2D8-0928ACCA02EE}.Release|x86.Build.0 = Release|Win32
	EndGlobalSection
	GlobalSection(SolutionProperties) = preSolution
		HideSolutionNode = FALSE
	EndGlobalSection
	GlobalSection(ExtensibilityGlobals) = postSolution
		SolutionGuid = {549DC69A-3E4D-424B-90E7-5BDFA8D1756E}
	EndGlobalSection
EndGlobal
